
Microsoft Visual Studio Solution File, Format Version 12.00
# Visual Studio 15
Project("{FAE04EC0-301F-11D3-BF4B-00C04F79EFBC}") = "FMODUnity", "FMODUnity.csproj", "{47231FC9-66ED-0C20-B237-7412C45BECC6}"
EndProject
Project("{FAE04EC0-301F-11D3-BF4B-00C04F79EFBC}") = "Assembly-CSharp", "Assembly-CSharp.csproj", "{84312975-132A-6B34-B359-ED49A7A27227}"
EndProject
Project("{FAE04EC0-301F-11D3-BF4B-00C04F79EFBC}") = "FMODUnityResonance", "FMODUnityResonance.csproj", "{4CEC19D8-E380-EDC7-C521-3B76E2E0E6F6}"
EndProject
Project("{FAE04EC0-301F-11D3-BF4B-00C04F79EFBC}") = "FMODUnityEditor", "FMODUnityEditor.csproj", "{3FE2A44E-98CA-9113-3143-1AE6D5E6DC5E}"
EndProject
Project("{FAE04EC0-301F-11D3-BF4B-00C04F79EFBC}") = "FMODUnityResonanceEditor", "FMODUnityResonanceEditor.csproj", "{18DB7FAD-FDDA-7A92-B93E-51A79E7A6946}"
EndProject
Global
	GlobalSection(SolutionConfigurationPlatforms) = preSolution
		Debug|Any CPU = Debug|Any CPU
		Release|Any CPU = Release|Any CPU
	EndGlobalSection
	GlobalSection(ProjectConfigurationPlatforms) = postSolution
		{47231FC9-66ED-0C20-B237-7412C45BECC6}.Debug|Any CPU.ActiveCfg = Debug|Any CPU
		{47231FC9-66ED-0C20-B237-7412C45BECC6}.Debug|Any CPU.Build.0 = Debug|Any CPU
		{47231FC9-66ED-0C20-B237-7412C45BECC6}.Release|Any CPU.ActiveCfg = Release|Any CPU
		{47231FC9-66ED-0C20-B237-7412C45BECC6}.Release|Any CPU.Build.0 = Release|Any CPU
		{84312975-132A-6B34-B359-ED49A7A27227}.Debug|Any CPU.ActiveCfg = Debug|Any CPU
		{84312975-132A-6B34-B359-ED49A7A27227}.Debug|Any CPU.Build.0 = Debug|Any CPU
		{84312975-132A-6B34-B359-ED49A7A27227}.Release|Any CPU.ActiveCfg = Release|Any CPU
		{84312975-132A-6B34-B359-ED49A7A27227}.Release|Any CPU.Build.0 = Release|Any CPU
		{4CEC19D8-E380-EDC7-C521-3B76E2E0E6F6}.Debug|Any CPU.ActiveCfg = Debug|Any CPU
		{4CEC19D8-E380-EDC7-C521-3B76E2E0E6F6}.Debug|Any CPU.Build.0 = Debug|Any CPU
		{4CEC19D8-E380-EDC7-C521-3B76E2E0E6F6}.Release|Any CPU.ActiveCfg = Release|Any CPU
		{4CEC19D8-E380-EDC7-C521-3B76E2E0E6F6}.Release|Any CPU.Build.0 = Release|Any CPU
		{3FE2A44E-98CA-9113-3143-1AE6D5E6DC5E}.Debug|Any CPU.ActiveCfg = Debug|Any CPU
		{3FE2A44E-98CA-9113-3143-1AE6D5E6DC5E}.Debug|Any CPU.Build.0 = Debug|Any CPU
		{3FE2A44E-98CA-9113-3143-1AE6D5E6DC5E}.Release|Any CPU.ActiveCfg = Release|Any CPU
		{3FE2A44E-98CA-9113-3143-1AE6D5E6DC5E}.Release|Any CPU.Build.0 = Release|Any CPU
		{18DB7FAD-FDDA-7A92-B93E-51A79E7A6946}.Debug|Any CPU.ActiveCfg = Debug|Any CPU
		{18DB7FAD-FDDA-7A92-B93E-51A79E7A6946}.Debug|Any CPU.Build.0 = Debug|Any CPU
		{18DB7FAD-FDDA-7A92-B93E-51A79E7A6946}.Release|Any CPU.ActiveCfg = Release|Any CPU
		{18DB7FAD-FDDA-7A92-B93E-51A79E7A6946}.Release|Any CPU.Build.0 = Release|Any CPU
	EndGlobalSection
	GlobalSection(SolutionProperties) = preSolution
		HideSolutionNode = FALSE
	EndGlobalSection
EndGlobal
